
Microsoft Visual Studio Solution File, Format Version 12.00
# Visual Studio Version 17
VisualStudioVersion = 17.5.33530.505
MinimumVisualStudioVersion = 10.0.40219.1
Project("{9A19103F-16F7-4668-BE54-9A1E7A4F7556}") = "Project_9.Back", "Project_9.Back\Project_9.Back.csproj", "{FD930F71-1757-4331-B22C-3943944CB032}"
EndProject
Project("{FAE04EC0-301F-11D3-BF4B-00C04F79EFBC}") = "Project_9.Front", "Project_9.Front\Project_9.Front.csproj", "{CF650453-6D8E-4AEB-B05B-61937B1BFFAA}"
EndProject
Global
	GlobalSection(SolutionConfigurationPlatforms) = preSolution
		Debug|Any CPU = Debug|Any CPU
		Release|Any CPU = Release|Any CPU
	EndGlobalSection
	GlobalSection(ProjectConfigurationPlatforms) = postSolution
		{FD930F71-1757-4331-B22C-3943944CB032}.Debug|Any CPU.ActiveCfg = Debug|Any CPU
		{FD930F71-1757-4331-B22C-3943944CB032}.Debug|Any CPU.Build.0 = Debug|Any CPU
		{FD930F71-1757-4331-B22C-3943944CB032}.Release|Any CPU.ActiveCfg = Release|Any CPU
		{FD930F71-1757-4331-B22C-3943944CB032}.Release|Any CPU.Build.0 = Release|Any CPU
		{CF650453-6D8E-4AEB-B05B-61937B1BFFAA}.Debug|Any CPU.ActiveCfg = Debug|Any CPU
		{CF650453-6D8E-4AEB-B05B-61937B1BFFAA}.Debug|Any CPU.Build.0 = Debug|Any CPU
		{CF650453-6D8E-4AEB-B05B-61937B1BFFAA}.Release|Any CPU.ActiveCfg = Release|Any CPU
		{CF650453-6D8E-4AEB-B05B-61937B1BFFAA}.Release|Any CPU.Build.0 = Release|Any CPU
	EndGlobalSection
	GlobalSection(SolutionProperties) = preSolution
		HideSolutionNode = FALSE
	EndGlobalSection
	GlobalSection(ExtensibilityGlobals) = postSolution
		SolutionGuid = {8EBE17DE-72C7-4F7A-820D-BF0A5C12CE51}
	EndGlobalSection
EndGlobal
