
Microsoft Visual Studio Solution File, Format Version 12.00
# Visual Studio Version 17
VisualStudioVersion = 17.5.33530.505
MinimumVisualStudioVersion = 10.0.40219.1
Project("{FAE04EC0-301F-11D3-BF4B-00C04F79EFBC}") = "Project_1", "Project_1.csproj", "{EB8D99C5-EE85-4C13-A8ED-F2C72206D0F8}"
EndProject
Global
	GlobalSection(SolutionConfigurationPlatforms) = preSolution
		Debug|Any CPU = Debug|Any CPU
		Release|Any CPU = Release|Any CPU
	EndGlobalSection
	GlobalSection(ProjectConfigurationPlatforms) = postSolution
		{EB8D99C5-EE85-4C13-A8ED-F2C72206D0F8}.Debug|Any CPU.ActiveCfg = Debug|Any CPU
		{EB8D99C5-EE85-4C13-A8ED-F2C72206D0F8}.Debug|Any CPU.Build.0 = Debug|Any CPU
		{EB8D99C5-EE85-4C13-A8ED-F2C72206D0F8}.Release|Any CPU.ActiveCfg = Release|Any CPU
		{EB8D99C5-EE85-4C13-A8ED-F2C72206D0F8}.Release|Any CPU.Build.0 = Release|Any CPU
	EndGlobalSection
	GlobalSection(SolutionProperties) = preSolution
		HideSolutionNode = FALSE
	EndGlobalSection
	GlobalSection(ExtensibilityGlobals) = postSolution
		SolutionGuid = {6D89E0EA-4BC4-4667-81BD-97476C4E81D7}
	EndGlobalSection
EndGlobal
