
Microsoft Visual Studio Solution File, Format Version 12.00
# Visual Studio Version 17
VisualStudioVersion = 17.5.002.0
MinimumVisualStudioVersion = 10.0.40219.1
Project("{9A19103F-16F7-4668-BE54-9A1E7A4F7556}") = "Project_2", "Project_2.csproj", "{A5567B86-91BB-4C33-B8CE-56AC2347953E}"
EndProject
Global
	GlobalSection(SolutionConfigurationPlatforms) = preSolution
		Debug|Any CPU = Debug|Any CPU
		Release|Any CPU = Release|Any CPU
	EndGlobalSection
	GlobalSection(ProjectConfigurationPlatforms) = postSolution
		{A5567B86-91BB-4C33-B8CE-56AC2347953E}.Debug|Any CPU.ActiveCfg = Debug|Any CPU
		{A5567B86-91BB-4C33-B8CE-56AC2347953E}.Debug|Any CPU.Build.0 = Debug|Any CPU
		{A5567B86-91BB-4C33-B8CE-56AC2347953E}.Release|Any CPU.ActiveCfg = Release|Any CPU
		{A5567B86-91BB-4C33-B8CE-56AC2347953E}.Release|Any CPU.Build.0 = Release|Any CPU
	EndGlobalSection
	GlobalSection(SolutionProperties) = preSolution
		HideSolutionNode = FALSE
	EndGlobalSection
	GlobalSection(ExtensibilityGlobals) = postSolution
		SolutionGuid = {1BE1ECA9-7D2F-4B6D-8780-2D91BB0556DE}
	EndGlobalSection
EndGlobal
