
Microsoft Visual Studio Solution File, Format Version 12.00
# Visual Studio Version 17
VisualStudioVersion = 17.5.33530.505
MinimumVisualStudioVersion = 10.0.40219.1
Project("{9A19103F-16F7-4668-BE54-9A1E7A4F7556}") = "Project_7", "Project_7.csproj", "{C0534E7F-8298-4CB0-8954-B74959C06346}"
EndProject
Project("{FAE04EC0-301F-11D3-BF4B-00C04F79EFBC}") = "Project_7.MVC", "..\Project_7.MVC\Project_7.MVC.csproj", "{954F7C22-C9C4-4CB9-AE8D-B4564C2776BA}"
EndProject
Global
	GlobalSection(SolutionConfigurationPlatforms) = preSolution
		Debug|Any CPU = Debug|Any CPU
		Release|Any CPU = Release|Any CPU
	EndGlobalSection
	GlobalSection(ProjectConfigurationPlatforms) = postSolution
		{C0534E7F-8298-4CB0-8954-B74959C06346}.Debug|Any CPU.ActiveCfg = Debug|Any CPU
		{C0534E7F-8298-4CB0-8954-B74959C06346}.Debug|Any CPU.Build.0 = Debug|Any CPU
		{C0534E7F-8298-4CB0-8954-B74959C06346}.Release|Any CPU.ActiveCfg = Release|Any CPU
		{C0534E7F-8298-4CB0-8954-B74959C06346}.Release|Any CPU.Build.0 = Release|Any CPU
		{954F7C22-C9C4-4CB9-AE8D-B4564C2776BA}.Debug|Any CPU.ActiveCfg = Debug|Any CPU
		{954F7C22-C9C4-4CB9-AE8D-B4564C2776BA}.Debug|Any CPU.Build.0 = Debug|Any CPU
		{954F7C22-C9C4-4CB9-AE8D-B4564C2776BA}.Release|Any CPU.ActiveCfg = Release|Any CPU
		{954F7C22-C9C4-4CB9-AE8D-B4564C2776BA}.Release|Any CPU.Build.0 = Release|Any CPU
	EndGlobalSection
	GlobalSection(SolutionProperties) = preSolution
		HideSolutionNode = FALSE
	EndGlobalSection
	GlobalSection(ExtensibilityGlobals) = postSolution
		SolutionGuid = {027A9072-A3ED-43B1-9E91-E653E8DDBD9A}
	EndGlobalSection
EndGlobal
